
Microsoft Visual Studio Solution File, Format Version 12.00
# Visual Studio Version 17
VisualStudioVersion = 17.0.32126.317
MinimumVisualStudioVersion = 10.0.40219.1
Project("{FAE04EC0-301F-11D3-BF4B-00C04F79EFBC}") = "WFA_UrunYonetimi", "WFA_UrunYonetimi\WFA_UrunYonetimi.csproj", "{DEA14B79-78B9-4C9A-96A7-91490B23D763}"
EndProject
Global
	GlobalSection(SolutionConfigurationPlatforms) = preSolution
		Debug|Any CPU = Debug|Any CPU
		Release|Any CPU = Release|Any CPU
	EndGlobalSection
	GlobalSection(ProjectConfigurationPlatforms) = postSolution
		{DEA14B79-78B9-4C9A-96A7-91490B23D763}.Debug|Any CPU.ActiveCfg = Debug|Any CPU
		{DEA14B79-78B9-4C9A-96A7-91490B23D763}.Debug|Any CPU.Build.0 = Debug|Any CPU
		{DEA14B79-78B9-4C9A-96A7-91490B23D763}.Release|Any CPU.ActiveCfg = Release|Any CPU
		{DEA14B79-78B9-4C9A-96A7-91490B23D763}.Release|Any CPU.Build.0 = Release|Any CPU
	EndGlobalSection
	GlobalSection(SolutionProperties) = preSolution
		HideSolutionNode = FALSE
	EndGlobalSection
	GlobalSection(ExtensibilityGlobals) = postSolution
		SolutionGuid = {E059C942-C5AF-429D-AC13-ACE8EABC8E9A}
	EndGlobalSection
EndGlobal
