
Microsoft Visual Studio Solution File, Format Version 12.00
# Visual Studio Version 17
VisualStudioVersion = 17.0.32126.317
MinimumVisualStudioVersion = 10.0.40219.1
Project("{FAE04EC0-301F-11D3-BF4B-00C04F79EFBC}") = "OOP_BakiyeIslm", "OOP_BakiyeIslm\OOP_BakiyeIslm.csproj", "{13056DCC-C5A2-4F46-A893-BE26C4D4649E}"
EndProject
Global
	GlobalSection(SolutionConfigurationPlatforms) = preSolution
		Debug|Any CPU = Debug|Any CPU
		Release|Any CPU = Release|Any CPU
	EndGlobalSection
	GlobalSection(ProjectConfigurationPlatforms) = postSolution
		{13056DCC-C5A2-4F46-A893-BE26C4D4649E}.Debug|Any CPU.ActiveCfg = Debug|Any CPU
		{13056DCC-C5A2-4F46-A893-BE26C4D4649E}.Debug|Any CPU.Build.0 = Debug|Any CPU
		{13056DCC-C5A2-4F46-A893-BE26C4D4649E}.Release|Any CPU.ActiveCfg = Release|Any CPU
		{13056DCC-C5A2-4F46-A893-BE26C4D4649E}.Release|Any CPU.Build.0 = Release|Any CPU
	EndGlobalSection
	GlobalSection(SolutionProperties) = preSolution
		HideSolutionNode = FALSE
	EndGlobalSection
	GlobalSection(ExtensibilityGlobals) = postSolution
		SolutionGuid = {29C86E96-FA3F-40D4-BD5D-8EB8A598B969}
	EndGlobalSection
EndGlobal
